
Microsoft Visual Studio Solution File, Format Version 12.00
# Visual Studio Version 16
VisualStudioVersion = 16.0.30711.63
MinimumVisualStudioVersion = 10.0.40219.1
Project("{FAE04EC0-301F-11D3-BF4B-00C04F79EFBC}") = "SalesWebMvc", "SalesWebMvc\SalesWebMvc.csproj", "{6BE53906-C15D-4550-BFB1-39E1AE1712A8}"
EndProject
Global
	GlobalSection(SolutionConfigurationPlatforms) = preSolution
		Debug|Any CPU = Debug|Any CPU
		Release|Any CPU = Release|Any CPU
	EndGlobalSection
	GlobalSection(ProjectConfigurationPlatforms) = postSolution
		{6BE53906-C15D-4550-BFB1-39E1AE1712A8}.Debug|Any CPU.ActiveCfg = Debug|Any CPU
		{6BE53906-C15D-4550-BFB1-39E1AE1712A8}.Debug|Any CPU.Build.0 = Debug|Any CPU
		{6BE53906-C15D-4550-BFB1-39E1AE1712A8}.Release|Any CPU.ActiveCfg = Release|Any CPU
		{6BE53906-C15D-4550-BFB1-39E1AE1712A8}.Release|Any CPU.Build.0 = Release|Any CPU
	EndGlobalSection
	GlobalSection(SolutionProperties) = preSolution
		HideSolutionNode = FALSE
	EndGlobalSection
	GlobalSection(ExtensibilityGlobals) = postSolution
		SolutionGuid = {E498B94C-9176-4958-8A5F-4F66BF6D7B97}
	EndGlobalSection
EndGlobal
